
Microsoft Visual Studio Solution File, Format Version 12.00
# Visual Studio Version 16
VisualStudioVersion = 16.0.29201.188
MinimumVisualStudioVersion = 10.0.40219.1
Project("{9A19103F-16F7-4668-BE54-9A1E7A4F7556}") = "encapsulationS3", "encapsulationS3\encapsulationS3.csproj", "{04A7BC81-DEE4-47F8-9996-45D3B4BBB022}"
EndProject
Project("{9A19103F-16F7-4668-BE54-9A1E7A4F7556}") = "DbAccess", "DbAccess\DbAccess.csproj", "{1F803607-8DE8-4AED-B9AE-B9DFE66770E1}"
EndProject
Project("{9A19103F-16F7-4668-BE54-9A1E7A4F7556}") = "Entities", "Entities\Entities.csproj", "{DE3207F8-172E-4232-9202-DB64CEEA162A}"
EndProject
Project("{FAE04EC0-301F-11D3-BF4B-00C04F79EFBC}") = "UnitTestProject2", "UnitTestProject2\UnitTestProject2.csproj", "{3ADB7E26-B5F9-4266-ABD0-E383A0938458}"
EndProject
Project("{FAE04EC0-301F-11D3-BF4B-00C04F79EFBC}") = "AccountPage", "AccountPage\AccountPage.csproj", "{8EC25B54-7341-4302-ACA4-E42F9431656A}"
EndProject
Global
	GlobalSection(SolutionConfigurationPlatforms) = preSolution
		Debug|Any CPU = Debug|Any CPU
		Release|Any CPU = Release|Any CPU
	EndGlobalSection
	GlobalSection(ProjectConfigurationPlatforms) = postSolution
		{04A7BC81-DEE4-47F8-9996-45D3B4BBB022}.Debug|Any CPU.ActiveCfg = Debug|Any CPU
		{04A7BC81-DEE4-47F8-9996-45D3B4BBB022}.Debug|Any CPU.Build.0 = Debug|Any CPU
		{04A7BC81-DEE4-47F8-9996-45D3B4BBB022}.Release|Any CPU.ActiveCfg = Release|Any CPU
		{04A7BC81-DEE4-47F8-9996-45D3B4BBB022}.Release|Any CPU.Build.0 = Release|Any CPU
		{1F803607-8DE8-4AED-B9AE-B9DFE66770E1}.Debug|Any CPU.ActiveCfg = Debug|Any CPU
		{1F803607-8DE8-4AED-B9AE-B9DFE66770E1}.Debug|Any CPU.Build.0 = Debug|Any CPU
		{1F803607-8DE8-4AED-B9AE-B9DFE66770E1}.Release|Any CPU.ActiveCfg = Release|Any CPU
		{1F803607-8DE8-4AED-B9AE-B9DFE66770E1}.Release|Any CPU.Build.0 = Release|Any CPU
		{DE3207F8-172E-4232-9202-DB64CEEA162A}.Debug|Any CPU.ActiveCfg = Debug|Any CPU
		{DE3207F8-172E-4232-9202-DB64CEEA162A}.Debug|Any CPU.Build.0 = Debug|Any CPU
		{DE3207F8-172E-4232-9202-DB64CEEA162A}.Release|Any CPU.ActiveCfg = Release|Any CPU
		{DE3207F8-172E-4232-9202-DB64CEEA162A}.Release|Any CPU.Build.0 = Release|Any CPU
		{3ADB7E26-B5F9-4266-ABD0-E383A0938458}.Debug|Any CPU.ActiveCfg = Debug|Any CPU
		{3ADB7E26-B5F9-4266-ABD0-E383A0938458}.Debug|Any CPU.Build.0 = Debug|Any CPU
		{3ADB7E26-B5F9-4266-ABD0-E383A0938458}.Release|Any CPU.ActiveCfg = Release|Any CPU
		{3ADB7E26-B5F9-4266-ABD0-E383A0938458}.Release|Any CPU.Build.0 = Release|Any CPU
		{8EC25B54-7341-4302-ACA4-E42F9431656A}.Debug|Any CPU.ActiveCfg = Debug|Any CPU
		{8EC25B54-7341-4302-ACA4-E42F9431656A}.Debug|Any CPU.Build.0 = Debug|Any CPU
		{8EC25B54-7341-4302-ACA4-E42F9431656A}.Release|Any CPU.ActiveCfg = Release|Any CPU
		{8EC25B54-7341-4302-ACA4-E42F9431656A}.Release|Any CPU.Build.0 = Release|Any CPU
	EndGlobalSection
	GlobalSection(SolutionProperties) = preSolution
		HideSolutionNode = FALSE
	EndGlobalSection
	GlobalSection(ExtensibilityGlobals) = postSolution
		SolutionGuid = {D56A0FFC-338C-4CCC-9BAA-5E3C54A5B58E}
	EndGlobalSection
EndGlobal
